// !$*UTF8*$!
{
	archiveVersion = 1;
	classes = {
	};
	objectVersion = 50;
	objects = {

/* Begin PBXBuildFile section */
		725469F42329939500152118 /* AppDelegate.swift in Sources */ = {isa = PBXBuildFile; fileRef = 725469F32329939500152118 /* AppDelegate.swift */; };
		725469FB2329939600152118 /* Assets.xcassets in Resources */ = {isa = PBXBuildFile; fileRef = 725469FA2329939600152118 /* Assets.xcassets */; };
		725469FE2329939600152118 /* LaunchScreen.storyboard in Resources */ = {isa = PBXBuildFile; fileRef = 725469FC2329939600152118 /* LaunchScreen.storyboard */; };
		72546A092329957300152118 /* AppleMusicVC.swift in Sources */ = {isa = PBXBuildFile; fileRef = 72546A082329957300152118 /* AppleMusicVC.swift */; };
		72546A0B2329978D00152118 /* MoviesVC.swift in Sources */ = {isa = PBXBuildFile; fileRef = 72546A0A2329978D00152118 /* MoviesVC.swift */; };
		72546A0D2329979A00152118 /* AppsVC.swift in Sources */ = {isa = PBXBuildFile; fileRef = 72546A0C2329979A00152118 /* AppsVC.swift */; };
		72546A10232997B300152118 /* DarkModeVC.swift in Sources */ = {isa = PBXBuildFile; fileRef = 72546A0F232997B300152118 /* DarkModeVC.swift */; };
		72546A122329988D00152118 /* CustomTableViewCell.swift in Sources */ = {isa = PBXBuildFile; fileRef = 72546A112329988D00152118 /* CustomTableViewCell.swift */; };
		72546A3323299FE500152118 /* APIModel.swift in Sources */ = {isa = PBXBuildFile; fileRef = 72546A3223299FE500152118 /* APIModel.swift */; };
		72546A362329A06E00152118 /* ApiRequest.swift in Sources */ = {isa = PBXBuildFile; fileRef = 72546A352329A06E00152118 /* ApiRequest.swift */; };
		72546A382329AB6100152118 /* CustomImageView.swift in Sources */ = {isa = PBXBuildFile; fileRef = 72546A372329AB6100152118 /* CustomImageView.swift */; };
		72546A3A2329B10700152118 /* Keys.swift in Sources */ = {isa = PBXBuildFile; fileRef = 72546A392329B10700152118 /* Keys.swift */; };
/* End PBXBuildFile section */

/* Begin PBXFileReference section */
		725469F02329939500152118 /* CodingChallenge.app */ = {isa = PBXFileReference; explicitFileType = wrapper.application; includeInIndex = 0; path = CodingChallenge.app; sourceTree = BUILT_PRODUCTS_DIR; };
		725469F32329939500152118 /* AppDelegate.swift */ = {isa = PBXFileReference; lastKnownFileType = sourcecode.swift; path = AppDelegate.swift; sourceTree = "<group>"; };
		725469FA2329939600152118 /* Assets.xcassets */ = {isa = PBXFileReference; lastKnownFileType = folder.assetcatalog; path = Assets.xcassets; sourceTree = "<group>"; };
		725469FD2329939600152118 /* Base */ = {isa = PBXFileReference; lastKnownFileType = file.storyboard; name = Base; path = Base.lproj/LaunchScreen.storyboard; sourceTree = "<group>"; };
		725469FF2329939600152118 /* Info.plist */ = {isa = PBXFileReference; lastKnownFileType = text.plist.xml; path = Info.plist; sourceTree = "<group>"; };
		72546A082329957300152118 /* AppleMusicVC.swift */ = {isa = PBXFileReference; lastKnownFileType = sourcecode.swift; path = AppleMusicVC.swift; sourceTree = "<group>"; };
		72546A0A2329978D00152118 /* MoviesVC.swift */ = {isa = PBXFileReference; lastKnownFileType = sourcecode.swift; path = MoviesVC.swift; sourceTree = "<group>"; };
		72546A0C2329979A00152118 /* AppsVC.swift */ = {isa = PBXFileReference; lastKnownFileType = sourcecode.swift; path = AppsVC.swift; sourceTree = "<group>"; };
		72546A0F232997B300152118 /* DarkModeVC.swift */ = {isa = PBXFileReference; lastKnownFileType = sourcecode.swift; path = DarkModeVC.swift; sourceTree = "<group>"; };
		72546A112329988D00152118 /* CustomTableViewCell.swift */ = {isa = PBXFileReference; lastKnownFileType = sourcecode.swift; path = CustomTableViewCell.swift; sourceTree = "<group>"; };
		72546A3223299FE500152118 /* APIModel.swift */ = {isa = PBXFileReference; lastKnownFileType = sourcecode.swift; path = APIModel.swift; sourceTree = "<group>"; };
		72546A352329A06E00152118 /* ApiRequest.swift */ = {isa = PBXFileReference; lastKnownFileType = sourcecode.swift; path = ApiRequest.swift; sourceTree = "<group>"; };
		72546A372329AB6100152118 /* CustomImageView.swift */ = {isa = PBXFileReference; lastKnownFileType = sourcecode.swift; path = CustomImageView.swift; sourceTree = "<group>"; };
		72546A392329B10700152118 /* Keys.swift */ = {isa = PBXFileReference; lastKnownFileType = sourcecode.swift; path = Keys.swift; sourceTree = "<group>"; };
/* End PBXFileReference section */

/* Begin PBXFrameworksBuildPhase section */
		725469ED2329939500152118 /* Frameworks */ = {
			isa = PBXFrameworksBuildPhase;
			buildActionMask = 2147483647;
			files = (
			);
			runOnlyForDeploymentPostprocessing = 0;
		};
/* End PBXFrameworksBuildPhase section */

/* Begin PBXGroup section */
		725469E72329939500152118 = {
			isa = PBXGroup;
			children = (
				725469F22329939500152118 /* CodingChallenge */,
				725469F12329939500152118 /* Products */,
			);
			sourceTree = "<group>";
		};
		725469F12329939500152118 /* Products */ = {
			isa = PBXGroup;
			children = (
				725469F02329939500152118 /* CodingChallenge.app */,
			);
			name = Products;
			sourceTree = "<group>";
		};
		725469F22329939500152118 /* CodingChallenge */ = {
			isa = PBXGroup;
			children = (
				72546A052329953400152118 /* Model */,
				72546A062329953800152118 /* View */,
				72546A072329953C00152118 /* Controller */,
				72546A3423299FFE00152118 /* Networking */,
				72546A392329B10700152118 /* Keys.swift */,
				725469F32329939500152118 /* AppDelegate.swift */,
				725469FA2329939600152118 /* Assets.xcassets */,
				725469FC2329939600152118 /* LaunchScreen.storyboard */,
				725469FF2329939600152118 /* Info.plist */,
			);
			path = CodingChallenge;
			sourceTree = "<group>";
		};
		72546A052329953400152118 /* Model */ = {
			isa = PBXGroup;
			children = (
				72546A3223299FE500152118 /* APIModel.swift */,
			);
			path = Model;
			sourceTree = "<group>";
		};
		72546A062329953800152118 /* View */ = {
			isa = PBXGroup;
			children = (
				72546A112329988D00152118 /* CustomTableViewCell.swift */,
				72546A372329AB6100152118 /* CustomImageView.swift */,
			);
			path = View;
			sourceTree = "<group>";
		};
		72546A072329953C00152118 /* Controller */ = {
			isa = PBXGroup;
			children = (
				72546A0C2329979A00152118 /* AppsVC.swift */,
				72546A082329957300152118 /* AppleMusicVC.swift */,
				72546A0A2329978D00152118 /* MoviesVC.swift */,
				72546A0F232997B300152118 /* DarkModeVC.swift */,
			);
			path = Controller;
			sourceTree = "<group>";
		};
		72546A3423299FFE00152118 /* Networking */ = {
			isa = PBXGroup;
			children = (
				72546A352329A06E00152118 /* ApiRequest.swift */,
			);
			path = Networking;
			sourceTree = "<group>";
		};
/* End PBXGroup section */

/* Begin PBXNativeTarget section */
		725469EF2329939500152118 /* CodingChallenge */ = {
			isa = PBXNativeTarget;
			buildConfigurationList = 72546A022329939600152118 /* Build configuration list for PBXNativeTarget "CodingChallenge" */;
			buildPhases = (
				725469EC2329939500152118 /* Sources */,
				725469ED2329939500152118 /* Frameworks */,
				725469EE2329939500152118 /* Resources */,
			);
			buildRules = (
			);
			dependencies = (
			);
			name = CodingChallenge;
			productName = CodingChallenge;
			productReference = 725469F02329939500152118 /* CodingChallenge.app */;
			productType = "com.apple.product-type.application";
		};
/* End PBXNativeTarget section */

/* Begin PBXProject section */
		725469E82329939500152118 /* Project object */ = {
			isa = PBXProject;
			attributes = {
				LastSwiftUpdateCheck = 1020;
				LastUpgradeCheck = 1020;
				ORGANIZATIONNAME = "Gustavo Colaco";
				TargetAttributes = {
					725469EF2329939500152118 = {
						CreatedOnToolsVersion = 10.2.1;
					};
				};
			};
			buildConfigurationList = 725469EB2329939500152118 /* Build configuration list for PBXProject "CodingChallenge" */;
			compatibilityVersion = "Xcode 9.3";
			developmentRegion = en;
			hasScannedForEncodings = 0;
			knownRegions = (
				en,
				Base,
			);
			mainGroup = 725469E72329939500152118;
			productRefGroup = 725469F12329939500152118 /* Products */;
			projectDirPath = "";
			projectRoot = "";
			targets = (
				725469EF2329939500152118 /* CodingChallenge */,
			);
		};
/* End PBXProject section */

/* Begin PBXResourcesBuildPhase section */
		725469EE2329939500152118 /* Resources */ = {
			isa = PBXResourcesBuildPhase;
			buildActionMask = 2147483647;
			files = (
				725469FE2329939600152118 /* LaunchScreen.storyboard in Resources */,
				725469FB2329939600152118 /* Assets.xcassets in Resources */,
			);
			runOnlyForDeploymentPostprocessing = 0;
		};
/* End PBXResourcesBuildPhase section */

/* Begin PBXSourcesBuildPhase section */
		725469EC2329939500152118 /* Sources */ = {
			isa = PBXSourcesBuildPhase;
			buildActionMask = 2147483647;
			files = (
				72546A3323299FE500152118 /* APIModel.swift in Sources */,
				72546A382329AB6100152118 /* CustomImageView.swift in Sources */,
				72546A122329988D00152118 /* CustomTableViewCell.swift in Sources */,
				72546A10232997B300152118 /* DarkModeVC.swift in Sources */,
				72546A0D2329979A00152118 /* AppsVC.swift in Sources */,
				725469F42329939500152118 /* AppDelegate.swift in Sources */,
				72546A092329957300152118 /* AppleMusicVC.swift in Sources */,
				72546A362329A06E00152118 /* ApiRequest.swift in Sources */,
				72546A0B2329978D00152118 /* MoviesVC.swift in Sources */,
				72546A3A2329B10700152118 /* Keys.swift in Sources */,
			);
			runOnlyForDeploymentPostprocessing = 0;
		};
/* End PBXSourcesBuildPhase section */

/* Begin PBXVariantGroup section */
		725469FC2329939600152118 /* LaunchScreen.storyboard */ = {
			isa = PBXVariantGroup;
			children = (
				725469FD2329939600152118 /* Base */,
			);
			name = LaunchScreen.storyboard;
			sourceTree = "<group>";
		};
/* End PBXVariantGroup section */

/* Begin XCBuildConfiguration section */
		72546A002329939600152118 /* Debug */ = {
			isa = XCBuildConfiguration;
			buildSettings = {
				ALWAYS_SEARCH_USER_PATHS = NO;
				CLANG_ANALYZER_NONNULL = YES;
				CLANG_ANALYZER_NUMBER_OBJECT_CONVERSION = YES_AGGRESSIVE;
				CLANG_CXX_LANGUAGE_STANDARD = "gnu++14";
				CLANG_CXX_LIBRARY = "libc++";
				CLANG_ENABLE_MODULES = YES;
				CLANG_ENABLE_OBJC_ARC = YES;
				CLANG_ENABLE_OBJC_WEAK = YES;
				CLANG_WARN_BLOCK_CAPTURE_AUTORELEASING = YES;
				CLANG_WARN_BOOL_CONVERSION = YES;
				CLANG_WARN_COMMA = YES;
				CLANG_WARN_CONSTANT_CONVERSION = YES;
				CLANG_WARN_DEPRECATED_OBJC_IMPLEMENTATIONS = YES;
				CLANG_WARN_DIRECT_OBJC_ISA_USAGE = YES_ERROR;
				CLANG_WARN_DOCUMENTATION_COMMENTS = YES;
				CLANG_WARN_EMPTY_BODY = YES;
				CLANG_WARN_ENUM_CONVERSION = YES;
				CLANG_WARN_INFINITE_RECURSION = YES;
				CLANG_WARN_INT_CONVERSION = YES;
				CLANG_WARN_NON_LITERAL_NULL_CONVERSION = YES;
				CLANG_WARN_OBJC_IMPLICIT_RETAIN_SELF = YES;
				CLANG_WARN_OBJC_LITERAL_CONVERSION = YES;
				CLANG_WARN_OBJC_ROOT_CLASS = YES_ERROR;
				CLANG_WARN_RANGE_LOOP_ANALYSIS = YES;
				CLANG_WARN_STRICT_PROTOTYPES = YES;
				CLANG_WARN_SUSPICIOUS_MOVE = YES;
				CLANG_WARN_UNGUARDED_AVAILABILITY = YES_AGGRESSIVE;
				CLANG_WARN_UNREACHABLE_CODE = YES;
				CLANG_WARN__DUPLICATE_METHOD_MATCH = YES;
				CODE_SIGN_IDENTITY = "iPhone Developer";
				COPY_PHASE_STRIP = NO;
				DEBUG_INFORMATION_FORMAT = dwarf;
				ENABLE_STRICT_OBJC_MSGSEND = YES;
				ENABLE_TESTABILITY = YES;
				GCC_C_LANGUAGE_STANDARD = gnu11;
				GCC_DYNAMIC_NO_PIC = NO;
				GCC_NO_COMMON_BLOCKS = YES;
				GCC_OPTIMIZATION_LEVEL = 0;
				GCC_PREPROCESSOR_DEFINITIONS = (
					"DEBUG=1",
					"$(inherited)",
				);
				GCC_WARN_64_TO_32_BIT_CONVERSION = YES;
				GCC_WARN_ABOUT_RETURN_TYPE = YES_ERROR;
				GCC_WARN_UNDECLARED_SELECTOR = YES;
				GCC_WARN_UNINITIALIZED_AUTOS = YES_AGGRESSIVE;
				GCC_WARN_UNUSED_FUNCTION = YES;
				GCC_WARN_UNUSED_VARIABLE = YES;
				IPHONEOS_DEPLOYMENT_TARGET = 12.2;
				MTL_ENABLE_DEBUG_INFO = INCLUDE_SOURCE;
				MTL_FAST_MATH = YES;
				ONLY_ACTIVE_ARCH = YES;
				SDKROOT = iphoneos;
				SWIFT_ACTIVE_COMPILATION_CONDITIONS = DEBUG;
				SWIFT_OPTIMIZATION_LEVEL = "-Onone";
			};
			name = Debug;
		};
		72546A012329939600152118 /* Release */ = {
			isa = XCBuildConfiguration;
			buildSettings = {
				ALWAYS_SEARCH_USER_PATHS = NO;
				CLANG_ANALYZER_NONNULL = YES;
				CLANG_ANALYZER_NUMBER_OBJECT_CONVERSION = YES_AGGRESSIVE;
				CLANG_CXX_LANGUAGE_STANDARD = "gnu++14";
				CLANG_CXX_LIBRARY = "libc++";
				CLANG_ENABLE_MODULES = YES;
				CLANG_ENABLE_OBJC_ARC = YES;
				CLANG_ENABLE_OBJC_WEAK = YES;
				CLANG_WARN_BLOCK_CAPTURE_AUTORELEASING = YES;
				CLANG_WARN_BOOL_CONVERSION = YES;
				CLANG_WARN_COMMA = YES;
				CLANG_WARN_CONSTANT_CONVERSION = YES;
				CLANG_WARN_DEPRECATED_OBJC_IMPLEMENTATIONS = YES;
				CLANG_WARN_DIRECT_OBJC_ISA_USAGE = YES_ERROR;
				CLANG_WARN_DOCUMENTATION_COMMENTS = YES;
				CLANG_WARN_EMPTY_BODY = YES;
				CLANG_WARN_ENUM_CONVERSION = YES;
				CLANG_WARN_INFINITE_RECURSION = YES;
				CLANG_WARN_INT_CONVERSION = YES;
				CLANG_WARN_NON_LITERAL_NULL_CONVERSION = YES;
				CLANG_WARN_OBJC_IMPLICIT_RETAIN_SELF = YES;
				CLANG_WARN_OBJC_LITERAL_CONVERSION = YES;
				CLANG_WARN_OBJC_ROOT_CLASS = YES_ERROR;
				CLANG_WARN_RANGE_LOOP_ANALYSIS = YES;
				CLANG_WARN_STRICT_PROTOTYPES = YES;
				CLANG_WARN_SUSPICIOUS_MOVE = YES;
				CLANG_WARN_UNGUARDED_AVAILABILITY = YES_AGGRESSIVE;
				CLANG_WARN_UNREACHABLE_CODE = YES;
				CLANG_WARN__DUPLICATE_METHOD_MATCH = YES;
				CODE_SIGN_IDENTITY = "iPhone Developer";
				COPY_PHASE_STRIP = NO;
				DEBUG_INFORMATION_FORMAT = "dwarf-with-dsym";
				ENABLE_NS_ASSERTIONS = NO;
				ENABLE_STRICT_OBJC_MSGSEND = YES;
				GCC_C_LANGUAGE_STANDARD = gnu11;
				GCC_NO_COMMON_BLOCKS = YES;
				GCC_WARN_64_TO_32_BIT_CONVERSION = YES;
				GCC_WARN_ABOUT_RETURN_TYPE = YES_ERROR;
				GCC_WARN_UNDECLARED_SELECTOR = YES;
				GCC_WARN_UNINITIALIZED_AUTOS = YES_AGGRESSIVE;
				GCC_WARN_UNUSED_FUNCTION = YES;
				GCC_WARN_UNUSED_VARIABLE = YES;
				IPHONEOS_DEPLOYMENT_TARGET = 12.2;
				MTL_ENABLE_DEBUG_INFO = NO;
				MTL_FAST_MATH = YES;
				SDKROOT = iphoneos;
				SWIFT_COMPILATION_MODE = wholemodule;
				SWIFT_OPTIMIZATION_LEVEL = "-O";
				VALIDATE_PRODUCT = YES;
			};
			name = Release;
		};
		72546A032329939600152118 /* Debug */ = {
			isa = XCBuildConfiguration;
			buildSettings = {
				ASSETCATALOG_COMPILER_APPICON_NAME = AppIcon;
				CODE_SIGN_STYLE = Automatic;
				DEVELOPMENT_TEAM = UBXA6XL8QB;
				INFOPLIST_FILE = CodingChallenge/Info.plist;
				LD_RUNPATH_SEARCH_PATHS = (
					"$(inherited)",
					"@executable_path/Frameworks",
				);
				PRODUCT_BUNDLE_IDENTIFIER = com.gustavocolaco.CodingChallenge;
				PRODUCT_NAME = "$(TARGET_NAME)";
				SWIFT_VERSION = 5.0;
				TARGETED_DEVICE_FAMILY = "1,2";
			};
			name = Debug;
		};
		72546A042329939600152118 /* Release */ = {
			isa = XCBuildConfiguration;
			buildSettings = {
				ASSETCATALOG_COMPILER_APPICON_NAME = AppIcon;
				CODE_SIGN_STYLE = Automatic;
				DEVELOPMENT_TEAM = UBXA6XL8QB;
				INFOPLIST_FILE = CodingChallenge/Info.plist;
				LD_RUNPATH_SEARCH_PATHS = (
					"$(inherited)",
					"@executable_path/Frameworks",
				);
				PRODUCT_BUNDLE_IDENTIFIER = com.gustavocolaco.CodingChallenge;
				PRODUCT_NAME = "$(TARGET_NAME)";
				SWIFT_VERSION = 5.0;
				TARGETED_DEVICE_FAMILY = "1,2";
			};
			name = Release;
		};
/* End XCBuildConfiguration section */

/* Begin XCConfigurationList section */
		725469EB2329939500152118 /* Build configuration list for PBXProject "CodingChallenge" */ = {
			isa = XCConfigurationList;
			buildConfigurations = (
				72546A002329939600152118 /* Debug */,
				72546A012329939600152118 /* Release */,
			);
			defaultConfigurationIsVisible = 0;
			defaultConfigurationName = Release;
		};
		72546A022329939600152118 /* Build configuration list for PBXNativeTarget "CodingChallenge" */ = {
			isa = XCConfigurationList;
			buildConfigurations = (
				72546A032329939600152118 /* Debug */,
				72546A042329939600152118 /* Release */,
			);
			defaultConfigurationIsVisible = 0;
			defaultConfigurationName = Release;
		};
/* End XCConfigurationList section */
	};
	rootObject = 725469E82329939500152118 /* Project object */;
}
